
Microsoft Visual Studio Solution File, Format Version 12.00
# Visual Studio 15
VisualStudioVersion = 15.0.26124.0
MinimumVisualStudioVersion = 15.0.26124.0
Project("{2150E333-8FDC-42A3-9474-1A3956D46DE8}") = "src", "src", "{402A243A-EA0E-450D-BF7A-452FB6CCCF7B}"
EndProject
Project("{FAE04EC0-301F-11D3-BF4B-00C04F79EFBC}") = "Betty", "src\Betty\Betty.csproj", "{F2979EA0-3D85-4F0F-821F-E4E3F2A4CFA8}"
EndProject
Project("{2150E333-8FDC-42A3-9474-1A3956D46DE8}") = "test", "test", "{2124CB46-B150-4A45-9F79-943B46B80DBF}"
EndProject
Project("{FAE04EC0-301F-11D3-BF4B-00C04F79EFBC}") = "Betty.Tests", "test\Betty.Tests\Betty.Tests.csproj", "{CB2F83E5-1225-44E1-96A5-4CFE0C1010FE}"
EndProject
Global
	GlobalSection(SolutionConfigurationPlatforms) = preSolution
		Debug|Any CPU = Debug|Any CPU
		Debug|x64 = Debug|x64
		Debug|x86 = Debug|x86
		Release|Any CPU = Release|Any CPU
		Release|x64 = Release|x64
		Release|x86 = Release|x86
	EndGlobalSection
	GlobalSection(SolutionProperties) = preSolution
		HideSolutionNode = FALSE
	EndGlobalSection
	GlobalSection(ProjectConfigurationPlatforms) = postSolution
		{F2979EA0-3D85-4F0F-821F-E4E3F2A4CFA8}.Debug|Any CPU.ActiveCfg = Debug|Any CPU
		{F2979EA0-3D85-4F0F-821F-E4E3F2A4CFA8}.Debug|Any CPU.Build.0 = Debug|Any CPU
		{F2979EA0-3D85-4F0F-821F-E4E3F2A4CFA8}.Debug|x64.ActiveCfg = Debug|Any CPU
		{F2979EA0-3D85-4F0F-821F-E4E3F2A4CFA8}.Debug|x64.Build.0 = Debug|Any CPU
		{F2979EA0-3D85-4F0F-821F-E4E3F2A4CFA8}.Debug|x86.ActiveCfg = Debug|Any CPU
		{F2979EA0-3D85-4F0F-821F-E4E3F2A4CFA8}.Debug|x86.Build.0 = Debug|Any CPU
		{F2979EA0-3D85-4F0F-821F-E4E3F2A4CFA8}.Release|Any CPU.ActiveCfg = Release|Any CPU
		{F2979EA0-3D85-4F0F-821F-E4E3F2A4CFA8}.Release|Any CPU.Build.0 = Release|Any CPU
		{F2979EA0-3D85-4F0F-821F-E4E3F2A4CFA8}.Release|x64.ActiveCfg = Release|Any CPU
		{F2979EA0-3D85-4F0F-821F-E4E3F2A4CFA8}.Release|x64.Build.0 = Release|Any CPU
		{F2979EA0-3D85-4F0F-821F-E4E3F2A4CFA8}.Release|x86.ActiveCfg = Release|Any CPU
		{F2979EA0-3D85-4F0F-821F-E4E3F2A4CFA8}.Release|x86.Build.0 = Release|Any CPU
		{CB2F83E5-1225-44E1-96A5-4CFE0C1010FE}.Debug|Any CPU.ActiveCfg = Debug|Any CPU
		{CB2F83E5-1225-44E1-96A5-4CFE0C1010FE}.Debug|Any CPU.Build.0 = Debug|Any CPU
		{CB2F83E5-1225-44E1-96A5-4CFE0C1010FE}.Debug|x64.ActiveCfg = Debug|Any CPU
		{CB2F83E5-1225-44E1-96A5-4CFE0C1010FE}.Debug|x64.Build.0 = Debug|Any CPU
		{CB2F83E5-1225-44E1-96A5-4CFE0C1010FE}.Debug|x86.ActiveCfg = Debug|Any CPU
		{CB2F83E5-1225-44E1-96A5-4CFE0C1010FE}.Debug|x86.Build.0 = Debug|Any CPU
		{CB2F83E5-1225-44E1-96A5-4CFE0C1010FE}.Release|Any CPU.ActiveCfg = Release|Any CPU
		{CB2F83E5-1225-44E1-96A5-4CFE0C1010FE}.Release|Any CPU.Build.0 = Release|Any CPU
		{CB2F83E5-1225-44E1-96A5-4CFE0C1010FE}.Release|x64.ActiveCfg = Release|Any CPU
		{CB2F83E5-1225-44E1-96A5-4CFE0C1010FE}.Release|x64.Build.0 = Release|Any CPU
		{CB2F83E5-1225-44E1-96A5-4CFE0C1010FE}.Release|x86.ActiveCfg = Release|Any CPU
		{CB2F83E5-1225-44E1-96A5-4CFE0C1010FE}.Release|x86.Build.0 = Release|Any CPU
	EndGlobalSection
	GlobalSection(NestedProjects) = preSolution
		{F2979EA0-3D85-4F0F-821F-E4E3F2A4CFA8} = {402A243A-EA0E-450D-BF7A-452FB6CCCF7B}
		{CB2F83E5-1225-44E1-96A5-4CFE0C1010FE} = {2124CB46-B150-4A45-9F79-943B46B80DBF}
	EndGlobalSection
EndGlobal
